
Microsoft Visual Studio Solution File, Format Version 12.00
# Visual Studio Version 17
VisualStudioVersion = 17.6.33815.320
MinimumVisualStudioVersion = 10.0.40219.1
Project("{9A19103F-16F7-4668-BE54-9A1E7A4F7556}") = "Shopping.API", "Shopping.API\Shopping.API.csproj", "{4B3DCFF8-AE9E-4C94-A10B-83E408BF42F8}"
EndProject
Project("{E53339B2-1760-4266-BCC7-CA923CBCF16C}") = "docker-compose", "docker-compose.dcproj", "{52E85B04-4643-4883-9EBC-D2429459B93F}"
EndProject
Project("{9A19103F-16F7-4668-BE54-9A1E7A4F7556}") = "Shopping.Client", "Shopping.Client\Shopping.Client.csproj", "{52A046EC-24A7-4FD8-8B1F-772796DC3D5A}"
EndProject
Project("{2150E333-8FDC-42A3-9474-1A3956D46DE8}") = "k8s", "k8s", "{4968ECE1-B5AF-44BC-A82E-129DF4B643B1}"
	ProjectSection(SolutionItems) = preProject
		..\k8s\mongo-configmap.yaml = ..\k8s\mongo-configmap.yaml
		..\k8s\mongo-secret.yaml = ..\k8s\mongo-secret.yaml
		..\k8s\mongo.yaml = ..\k8s\mongo.yaml
		..\k8s\shoppingapi-configmap.yaml = ..\k8s\shoppingapi-configmap.yaml
		..\k8s\shoppingapi.yaml = ..\k8s\shoppingapi.yaml
		..\k8s\shoppingclient.yaml = ..\k8s\shoppingclient.yaml
	EndProjectSection
EndProject
Global
	GlobalSection(SolutionConfigurationPlatforms) = preSolution
		Debug|Any CPU = Debug|Any CPU
		Release|Any CPU = Release|Any CPU
	EndGlobalSection
	GlobalSection(ProjectConfigurationPlatforms) = postSolution
		{4B3DCFF8-AE9E-4C94-A10B-83E408BF42F8}.Debug|Any CPU.ActiveCfg = Debug|Any CPU
		{4B3DCFF8-AE9E-4C94-A10B-83E408BF42F8}.Debug|Any CPU.Build.0 = Debug|Any CPU
		{4B3DCFF8-AE9E-4C94-A10B-83E408BF42F8}.Release|Any CPU.ActiveCfg = Release|Any CPU
		{4B3DCFF8-AE9E-4C94-A10B-83E408BF42F8}.Release|Any CPU.Build.0 = Release|Any CPU
		{52E85B04-4643-4883-9EBC-D2429459B93F}.Debug|Any CPU.ActiveCfg = Debug|Any CPU
		{52E85B04-4643-4883-9EBC-D2429459B93F}.Debug|Any CPU.Build.0 = Debug|Any CPU
		{52E85B04-4643-4883-9EBC-D2429459B93F}.Release|Any CPU.ActiveCfg = Release|Any CPU
		{52E85B04-4643-4883-9EBC-D2429459B93F}.Release|Any CPU.Build.0 = Release|Any CPU
		{52A046EC-24A7-4FD8-8B1F-772796DC3D5A}.Debug|Any CPU.ActiveCfg = Debug|Any CPU
		{52A046EC-24A7-4FD8-8B1F-772796DC3D5A}.Debug|Any CPU.Build.0 = Debug|Any CPU
		{52A046EC-24A7-4FD8-8B1F-772796DC3D5A}.Release|Any CPU.ActiveCfg = Release|Any CPU
		{52A046EC-24A7-4FD8-8B1F-772796DC3D5A}.Release|Any CPU.Build.0 = Release|Any CPU
	EndGlobalSection
	GlobalSection(SolutionProperties) = preSolution
		HideSolutionNode = FALSE
	EndGlobalSection
	GlobalSection(ExtensibilityGlobals) = postSolution
		SolutionGuid = {A4ACBF7C-5091-4AF8-B968-999313FD2524}
	EndGlobalSection
EndGlobal
